<Solution>
  <Folder Name="/src/">
    <Project Path="src/Weekplan.Client/Weekplan.Client.csproj" />
    <Project Path="src/Weekplan.Core.Anmeldung.Contracts/Weekplan.Core.Anmeldung.Contracts.csproj" />
    <Project Path="src/Weekplan.Core.Anmeldung/Weekplan.Core.Anmeldung.csproj" />
    <Project Path="src/Weekplan.Core.Rechnen.Contracts/Weekplan.Core.Rechnen.Contracts.csproj" />
    <Project Path="src/Weekplan.Core.Rechnen/Weekplan.Core.Rechnen.csproj" />
    <Project Path="src/Weekplan.Core.Tagebuch.Contracts/Weekplan.Core.Tagebuch.Contracts.csproj" />
    <Project Path="src/Weekplan.Core.Tagebuch/Weekplan.Core.Tagebuch.csproj" />
    <Project Path="src/Weekplan.Core.Stammdaten.Contracts/Weekplan.Core.Stammdaten.Contracts.csproj" />
    <Project Path="src/Weekplan.Core.Stammdaten/Weekplan.Core.Stammdaten.csproj" />
    <Project Path="src/Weekplan.Core.Wochenplanung.Contracts/Weekplan.Core.Wochenplanung.Contracts.csproj" />
    <Project Path="src/Weekplan.Core.Wochenplanung/Weekplan.Core.Wochenplanung.csproj" />
    <Project Path="src/Weekplan.Server/Weekplan.Server.csproj" />
  </Folder>
  <Folder Name="/tests/">
    <Project Path="tests/Weekplan.Core.Tests/Weekplan.Core.Tests.csproj" />
    <Project Path="tests/Weekplan.Server.Tests/Weekplan.Server.Tests.csproj" />
  </Folder>
  <Folder Name="/tools/">
    <Project Path="tools/Weekplan.Konto/Weekplan.Konto.csproj" />
    <Project Path="tools/Weekplan.Stammdaten/Weekplan.Stammdaten.csproj" />
  </Folder>
</Solution>
